
Microsoft Visual Studio Solution File, Format Version 12.00
# Visual Studio Version 17
VisualStudioVersion = 17.8.34316.72
MinimumVisualStudioVersion = 10.0.40219.1
Project("{9A19103F-16F7-4668-BE54-9A1E7A4F7556}") = "KazyolBot2", "KazyolBot2\KazyolBot2.csproj", "{D53C9E71-2952-4898-993D-4FDB8D13101F}"
EndProject
Project("{9A19103F-16F7-4668-BE54-9A1E7A4F7556}") = "KazyolBot2.TestApp", "KazyolBot2.TestApp\KazyolBot2.TestApp.csproj", "{C8EE4A01-B85C-4696-A623-918021BDAEA4}"
EndProject
Project("{9A19103F-16F7-4668-BE54-9A1E7A4F7556}") = "org.matheval", "Math expression eval\org.matheval\org.matheval.csproj", "{2C128BCC-C5D6-48EE-9CE4-37FC68510604}"
EndProject
Global
	GlobalSection(SolutionConfigurationPlatforms) = preSolution
		Debug|Any CPU = Debug|Any CPU
		Release|Any CPU = Release|Any CPU
	EndGlobalSection
	GlobalSection(ProjectConfigurationPlatforms) = postSolution
		{D53C9E71-2952-4898-993D-4FDB8D13101F}.Debug|Any CPU.ActiveCfg = Debug|Any CPU
		{D53C9E71-2952-4898-993D-4FDB8D13101F}.Debug|Any CPU.Build.0 = Debug|Any CPU
		{D53C9E71-2952-4898-993D-4FDB8D13101F}.Release|Any CPU.ActiveCfg = Release|Any CPU
		{D53C9E71-2952-4898-993D-4FDB8D13101F}.Release|Any CPU.Build.0 = Release|Any CPU
		{C8EE4A01-B85C-4696-A623-918021BDAEA4}.Debug|Any CPU.ActiveCfg = Debug|Any CPU
		{C8EE4A01-B85C-4696-A623-918021BDAEA4}.Debug|Any CPU.Build.0 = Debug|Any CPU
		{C8EE4A01-B85C-4696-A623-918021BDAEA4}.Release|Any CPU.ActiveCfg = Release|Any CPU
		{C8EE4A01-B85C-4696-A623-918021BDAEA4}.Release|Any CPU.Build.0 = Release|Any CPU
		{2C128BCC-C5D6-48EE-9CE4-37FC68510604}.Debug|Any CPU.ActiveCfg = Debug|Any CPU
		{2C128BCC-C5D6-48EE-9CE4-37FC68510604}.Debug|Any CPU.Build.0 = Debug|Any CPU
		{2C128BCC-C5D6-48EE-9CE4-37FC68510604}.Release|Any CPU.ActiveCfg = Release|Any CPU
		{2C128BCC-C5D6-48EE-9CE4-37FC68510604}.Release|Any CPU.Build.0 = Release|Any CPU
	EndGlobalSection
	GlobalSection(SolutionProperties) = preSolution
		HideSolutionNode = FALSE
	EndGlobalSection
	GlobalSection(ExtensibilityGlobals) = postSolution
		SolutionGuid = {CCF1A646-EAA3-4E02-94DA-0743F155FF5B}
	EndGlobalSection
EndGlobal
